
Microsoft Visual Studio Solution File, Format Version 12.00
# Visual Studio 14
VisualStudioVersion = 14.0.24720.0
MinimumVisualStudioVersion = 10.0.40219.1
Project("{8BC9CEB8-8B4A-11D0-8D11-00A0C91BC942}") = "loader", "loader\loader.vcxproj", "{BD86BBA1-6CBE-42CE-BAB1-F8895693FECD}"
	ProjectSection(ProjectDependencies) = postProject
		{4CCA474D-7D9D-4BD6-B6F7-BFF6F39B2FE7} = {4CCA474D-7D9D-4BD6-B6F7-BFF6F39B2FE7}
	EndProjectSection
EndProject
Project("{8BC9CEB8-8B4A-11D0-8D11-00A0C91BC942}") = "gettext", "gettext\gettext.vcxproj", "{4CCA474D-7D9D-4BD6-B6F7-BFF6F39B2FE7}"
EndProject
Global
	GlobalSection(SolutionConfigurationPlatforms) = preSolution
		Debug|x64 = Debug|x64
		Debug|x86 = Debug|x86
		Release|x64 = Release|x64
		Release|x86 = Release|x86
	EndGlobalSection
	GlobalSection(ProjectConfigurationPlatforms) = postSolution
		{BD86BBA1-6CBE-42CE-BAB1-F8895693FECD}.Debug|x64.ActiveCfg = Debug|x64
		{BD86BBA1-6CBE-42CE-BAB1-F8895693FECD}.Debug|x64.Build.0 = Debug|x64
		{BD86BBA1-6CBE-42CE-BAB1-F8895693FECD}.Debug|x86.ActiveCfg = Debug|Win32
		{BD86BBA1-6CBE-42CE-BAB1-F8895693FECD}.Debug|x86.Build.0 = Debug|Win32
		{BD86BBA1-6CBE-42CE-BAB1-F8895693FECD}.Release|x64.ActiveCfg = Release|x64
		{BD86BBA1-6CBE-42CE-BAB1-F8895693FECD}.Release|x64.Build.0 = Release|x64
		{BD86BBA1-6CBE-42CE-BAB1-F8895693FECD}.Release|x86.ActiveCfg = Release|Win32
		{BD86BBA1-6CBE-42CE-BAB1-F8895693FECD}.Release|x86.Build.0 = Release|Win32
		{4CCA474D-7D9D-4BD6-B6F7-BFF6F39B2FE7}.Debug|x64.ActiveCfg = Debug|x64
		{4CCA474D-7D9D-4BD6-B6F7-BFF6F39B2FE7}.Debug|x64.Build.0 = Debug|x64
		{4CCA474D-7D9D-4BD6-B6F7-BFF6F39B2FE7}.Debug|x86.ActiveCfg = Debug|Win32
		{4CCA474D-7D9D-4BD6-B6F7-BFF6F39B2FE7}.Debug|x86.Build.0 = Debug|Win32
		{4CCA474D-7D9D-4BD6-B6F7-BFF6F39B2FE7}.Release|x64.ActiveCfg = Release|x64
		{4CCA474D-7D9D-4BD6-B6F7-BFF6F39B2FE7}.Release|x64.Build.0 = Release|x64
		{4CCA474D-7D9D-4BD6-B6F7-BFF6F39B2FE7}.Release|x86.ActiveCfg = Release|Win32
		{4CCA474D-7D9D-4BD6-B6F7-BFF6F39B2FE7}.Release|x86.Build.0 = Release|Win32
	EndGlobalSection
	GlobalSection(SolutionProperties) = preSolution
		HideSolutionNode = FALSE
	EndGlobalSection
EndGlobal
